
Microsoft Visual Studio Solution File, Format Version 12.00
# Visual Studio 15
VisualStudioVersion = 15.0.28307.1433
MinimumVisualStudioVersion = 10.0.40219.1
Project("{FAE04EC0-301F-11D3-BF4B-00C04F79EFBC}") = "TicketTrackingWeb", "TicketTrackingWeb\TicketTrackingWeb.csproj", "{72088D8D-7E54-424F-89D3-A37A07D67198}"
EndProject
Global
	GlobalSection(SolutionConfigurationPlatforms) = preSolution
		Debug|Any CPU = Debug|Any CPU
		Release|Any CPU = Release|Any CPU
	EndGlobalSection
	GlobalSection(ProjectConfigurationPlatforms) = postSolution
		{72088D8D-7E54-424F-89D3-A37A07D67198}.Debug|Any CPU.ActiveCfg = Debug|Any CPU
		{72088D8D-7E54-424F-89D3-A37A07D67198}.Debug|Any CPU.Build.0 = Debug|Any CPU
		{72088D8D-7E54-424F-89D3-A37A07D67198}.Release|Any CPU.ActiveCfg = Release|Any CPU
		{72088D8D-7E54-424F-89D3-A37A07D67198}.Release|Any CPU.Build.0 = Release|Any CPU
	EndGlobalSection
	GlobalSection(SolutionProperties) = preSolution
		HideSolutionNode = FALSE
	EndGlobalSection
	GlobalSection(ExtensibilityGlobals) = postSolution
		SolutionGuid = {339ABA2B-B915-4FF4-8156-918B0C8461FA}
	EndGlobalSection
EndGlobal
